
Microsoft Visual Studio Solution File, Format Version 12.00
# Visual Studio Version 17
VisualStudioVersion = 17.0.31903.59
MinimumVisualStudioVersion = 10.0.40219.1
Project("{2150E333-8FDC-42A3-9474-1A3956D46DE8}") = "src", "src", "{827E0CD3-B72D-47B6-A68D-7590B98EB39B}"
EndProject
Project("{FAE04EC0-301F-11D3-BF4B-00C04F79EFBC}") = "TinySurvivalWorld.Core", "src\TinySurvivalWorld.Core\TinySurvivalWorld.Core.csproj", "{B85DE41B-9370-44E4-9925-BE6BC6EB2983}"
EndProject
Project("{FAE04EC0-301F-11D3-BF4B-00C04F79EFBC}") = "TinySurvivalWorld.Data", "src\TinySurvivalWorld.Data\TinySurvivalWorld.Data.csproj", "{D29EE4E0-28DF-4B9D-8862-A320DE3D44CA}"
EndProject
Project("{FAE04EC0-301F-11D3-BF4B-00C04F79EFBC}") = "TinySurvivalWorld.Shared", "src\TinySurvivalWorld.Shared\TinySurvivalWorld.Shared.csproj", "{10331AE2-53E1-45FE-A9EC-843A1A69FBCC}"
EndProject
Project("{FAE04EC0-301F-11D3-BF4B-00C04F79EFBC}") = "TinySurvivalWorld.Game.Desktop", "src\TinySurvivalWorld.Game.Desktop\TinySurvivalWorld.Game.Desktop.csproj", "{0252F0FD-7E11-4BB0-8E73-26585E9FD712}"
EndProject
Global
	GlobalSection(SolutionConfigurationPlatforms) = preSolution
		Debug|Any CPU = Debug|Any CPU
		Debug|x64 = Debug|x64
		Debug|x86 = Debug|x86
		Release|Any CPU = Release|Any CPU
		Release|x64 = Release|x64
		Release|x86 = Release|x86
	EndGlobalSection
	GlobalSection(ProjectConfigurationPlatforms) = postSolution
		{B85DE41B-9370-44E4-9925-BE6BC6EB2983}.Debug|Any CPU.ActiveCfg = Debug|Any CPU
		{B85DE41B-9370-44E4-9925-BE6BC6EB2983}.Debug|Any CPU.Build.0 = Debug|Any CPU
		{B85DE41B-9370-44E4-9925-BE6BC6EB2983}.Debug|x64.ActiveCfg = Debug|Any CPU
		{B85DE41B-9370-44E4-9925-BE6BC6EB2983}.Debug|x64.Build.0 = Debug|Any CPU
		{B85DE41B-9370-44E4-9925-BE6BC6EB2983}.Debug|x86.ActiveCfg = Debug|Any CPU
		{B85DE41B-9370-44E4-9925-BE6BC6EB2983}.Debug|x86.Build.0 = Debug|Any CPU
		{B85DE41B-9370-44E4-9925-BE6BC6EB2983}.Release|Any CPU.ActiveCfg = Release|Any CPU
		{B85DE41B-9370-44E4-9925-BE6BC6EB2983}.Release|Any CPU.Build.0 = Release|Any CPU
		{B85DE41B-9370-44E4-9925-BE6BC6EB2983}.Release|x64.ActiveCfg = Release|Any CPU
		{B85DE41B-9370-44E4-9925-BE6BC6EB2983}.Release|x64.Build.0 = Release|Any CPU
		{B85DE41B-9370-44E4-9925-BE6BC6EB2983}.Release|x86.ActiveCfg = Release|Any CPU
		{B85DE41B-9370-44E4-9925-BE6BC6EB2983}.Release|x86.Build.0 = Release|Any CPU
		{D29EE4E0-28DF-4B9D-8862-A320DE3D44CA}.Debug|Any CPU.ActiveCfg = Debug|Any CPU
		{D29EE4E0-28DF-4B9D-8862-A320DE3D44CA}.Debug|Any CPU.Build.0 = Debug|Any CPU
		{D29EE4E0-28DF-4B9D-8862-A320DE3D44CA}.Debug|x64.ActiveCfg = Debug|Any CPU
		{D29EE4E0-28DF-4B9D-8862-A320DE3D44CA}.Debug|x64.Build.0 = Debug|Any CPU
		{D29EE4E0-28DF-4B9D-8862-A320DE3D44CA}.Debug|x86.ActiveCfg = Debug|Any CPU
		{D29EE4E0-28DF-4B9D-8862-A320DE3D44CA}.Debug|x86.Build.0 = Debug|Any CPU
		{D29EE4E0-28DF-4B9D-8862-A320DE3D44CA}.Release|Any CPU.ActiveCfg = Release|Any CPU
		{D29EE4E0-28DF-4B9D-8862-A320DE3D44CA}.Release|Any CPU.Build.0 = Release|Any CPU
		{D29EE4E0-28DF-4B9D-8862-A320DE3D44CA}.Release|x64.ActiveCfg = Release|Any CPU
		{D29EE4E0-28DF-4B9D-8862-A320DE3D44CA}.Release|x64.Build.0 = Release|Any CPU
		{D29EE4E0-28DF-4B9D-8862-A320DE3D44CA}.Release|x86.ActiveCfg = Release|Any CPU
		{D29EE4E0-28DF-4B9D-8862-A320DE3D44CA}.Release|x86.Build.0 = Release|Any CPU
		{10331AE2-53E1-45FE-A9EC-843A1A69FBCC}.Debug|Any CPU.ActiveCfg = Debug|Any CPU
		{10331AE2-53E1-45FE-A9EC-843A1A69FBCC}.Debug|Any CPU.Build.0 = Debug|Any CPU
		{10331AE2-53E1-45FE-A9EC-843A1A69FBCC}.Debug|x64.ActiveCfg = Debug|Any CPU
		{10331AE2-53E1-45FE-A9EC-843A1A69FBCC}.Debug|x64.Build.0 = Debug|Any CPU
		{10331AE2-53E1-45FE-A9EC-843A1A69FBCC}.Debug|x86.ActiveCfg = Debug|Any CPU
		{10331AE2-53E1-45FE-A9EC-843A1A69FBCC}.Debug|x86.Build.0 = Debug|Any CPU
		{10331AE2-53E1-45FE-A9EC-843A1A69FBCC}.Release|Any CPU.ActiveCfg = Release|Any CPU
		{10331AE2-53E1-45FE-A9EC-843A1A69FBCC}.Release|Any CPU.Build.0 = Release|Any CPU
		{10331AE2-53E1-45FE-A9EC-843A1A69FBCC}.Release|x64.ActiveCfg = Release|Any CPU
		{10331AE2-53E1-45FE-A9EC-843A1A69FBCC}.Release|x64.Build.0 = Release|Any CPU
		{10331AE2-53E1-45FE-A9EC-843A1A69FBCC}.Release|x86.ActiveCfg = Release|Any CPU
		{10331AE2-53E1-45FE-A9EC-843A1A69FBCC}.Release|x86.Build.0 = Release|Any CPU
		{0252F0FD-7E11-4BB0-8E73-26585E9FD712}.Debug|Any CPU.ActiveCfg = Debug|Any CPU
		{0252F0FD-7E11-4BB0-8E73-26585E9FD712}.Debug|Any CPU.Build.0 = Debug|Any CPU
		{0252F0FD-7E11-4BB0-8E73-26585E9FD712}.Debug|x64.ActiveCfg = Debug|Any CPU
		{0252F0FD-7E11-4BB0-8E73-26585E9FD712}.Debug|x64.Build.0 = Debug|Any CPU
		{0252F0FD-7E11-4BB0-8E73-26585E9FD712}.Debug|x86.ActiveCfg = Debug|Any CPU
		{0252F0FD-7E11-4BB0-8E73-26585E9FD712}.Debug|x86.Build.0 = Debug|Any CPU
		{0252F0FD-7E11-4BB0-8E73-26585E9FD712}.Release|Any CPU.ActiveCfg = Release|Any CPU
		{0252F0FD-7E11-4BB0-8E73-26585E9FD712}.Release|Any CPU.Build.0 = Release|Any CPU
		{0252F0FD-7E11-4BB0-8E73-26585E9FD712}.Release|x64.ActiveCfg = Release|Any CPU
		{0252F0FD-7E11-4BB0-8E73-26585E9FD712}.Release|x64.Build.0 = Release|Any CPU
		{0252F0FD-7E11-4BB0-8E73-26585E9FD712}.Release|x86.ActiveCfg = Release|Any CPU
		{0252F0FD-7E11-4BB0-8E73-26585E9FD712}.Release|x86.Build.0 = Release|Any CPU
	EndGlobalSection
	GlobalSection(SolutionProperties) = preSolution
		HideSolutionNode = FALSE
	EndGlobalSection
	GlobalSection(NestedProjects) = preSolution
		{B85DE41B-9370-44E4-9925-BE6BC6EB2983} = {827E0CD3-B72D-47B6-A68D-7590B98EB39B}
		{D29EE4E0-28DF-4B9D-8862-A320DE3D44CA} = {827E0CD3-B72D-47B6-A68D-7590B98EB39B}
		{10331AE2-53E1-45FE-A9EC-843A1A69FBCC} = {827E0CD3-B72D-47B6-A68D-7590B98EB39B}
		{0252F0FD-7E11-4BB0-8E73-26585E9FD712} = {827E0CD3-B72D-47B6-A68D-7590B98EB39B}
	EndGlobalSection
EndGlobal
